
Microsoft Visual Studio Solution File, Format Version 12.00
# Visual Studio Version 17
VisualStudioVersion = 17.8.34227.203
MinimumVisualStudioVersion = 10.0.40219.1
Project("{FAE04EC0-301F-11D3-BF4B-00C04F79EFBC}") = "ParlarTest", "ParlarTest\ParlarTest.csproj", "{209980C2-EB07-4C19-BCF5-BA811495ECD6}"
EndProject
Global
	GlobalSection(SolutionConfigurationPlatforms) = preSolution
		Debug|Any CPU = Debug|Any CPU
		Release|Any CPU = Release|Any CPU
	EndGlobalSection
	GlobalSection(ProjectConfigurationPlatforms) = postSolution
		{209980C2-EB07-4C19-BCF5-BA811495ECD6}.Debug|Any CPU.ActiveCfg = Debug|Any CPU
		{209980C2-EB07-4C19-BCF5-BA811495ECD6}.Debug|Any CPU.Build.0 = Debug|Any CPU
		{209980C2-EB07-4C19-BCF5-BA811495ECD6}.Release|Any CPU.ActiveCfg = Release|Any CPU
		{209980C2-EB07-4C19-BCF5-BA811495ECD6}.Release|Any CPU.Build.0 = Release|Any CPU
	EndGlobalSection
	GlobalSection(SolutionProperties) = preSolution
		HideSolutionNode = FALSE
	EndGlobalSection
	GlobalSection(ExtensibilityGlobals) = postSolution
		SolutionGuid = {BD25D359-62B8-4E52-8374-F76638960123}
	EndGlobalSection
EndGlobal
